{
  "meteor": {
    "git": "https://github.com/meteor/meteor.git",
    "branch": "master",
    "commit": "cbde5bd4875524f3ade7f3baef417a43ec1b9474"
  },
  "dependencies": {
    "basePackages": {
      "iron-router": {},
      "moment": {},
      "select2": {},
      "npm": {},
      "bootstrap3-less": {}
    },
    "packages": {
      "iron-router": {
        "git": "https://github.com/EventedMind/iron-router.git",
        "tag": "v0.6.2",
        "commit": "ce56e58b45624dce992490f3a1c10f10d3948bae"
      },
      "moment": {
        "git": "https://github.com/acreeger/meteor-moment.git",
        "tag": "v2.2.1",
        "commit": "9ee12e714afe56b189f53076447b7b54f3012065"
      },
      "select2": {
        "git": "https://github.com/nate-strauser/meteor-select2.git",
        "tag": "v3.4.5",
        "commit": "4a8d05582b949a14f0ee217c185166abbf112822"
      },
      "npm": {
        "git": "https://github.com/arunoda/meteor-npm.git",
        "tag": "v0.2.6",
        "commit": "177ab6118de5bf8cffb19481343d5762ff7a2aaf"
      },
      "bootstrap3-less": {
        "git": "https://github.com/eprochasson/bootstrap3-less",
        "tag": "v0.1.8",
        "commit": "48b6db4435d9f01a1fcfe694a180b38e8e38835b"
      }
    }
  }
}
