{
  "meteor": {},
  "dependencies": {
    "basePackages": {
      "iron-router": {},
      "moment": {},
      "npm": {},
      "migrations": {},
      "publish-with-relations": {},
      "bootstrap3-less": {}
    },
    "packages": {
      "iron-router": {
        "git": "https://github.com/EventedMind/iron-router.git",
        "tag": "v0.7.1",
        "commit": "d1ffb3f06ea4c112132b030f2eb1a70b81675ecb"
      },
      "moment": {
        "git": "https://github.com/acreeger/meteor-moment.git",
        "tag": "v2.6.0",
        "commit": "26156df681750fd6e6ed77043eef32b6653ebbdf"
      },
      "npm": {
        "git": "https://github.com/arunoda/meteor-npm.git",
        "tag": "v0.2.6",
        "commit": "177ab6118de5bf8cffb19481343d5762ff7a2aaf"
      },
      "migrations": {
        "git": "https://github.com/rantav/meteor-migrations.git",
        "tag": "v0.0.2",
        "commit": "4e75c06b8e94961567765c4dea20a007816ad274"
      },
      "publish-with-relations": {
        "git": "https://github.com/erundook/meteor-publish-with-relations.git",
        "tag": "v0.1.5",
        "commit": "98213e9f056b139597c99fb9ec2884ae6be76d91"
      },
      "bootstrap3-less": {
        "git": "https://github.com/simison/bootstrap3-less",
        "tag": "v0.2.1",
        "commit": "dc94a51ed00d7de6d6f2b6d65107a876d849ad61"
      },
      "blaze-layout": {
        "git": "https://github.com/EventedMind/blaze-layout.git",
        "tag": "v0.2.4",
        "commit": "b40e9b0612329288d75cf52ad14a7da64bb8618f"
      }
    }
  }
}
